PODS:
  - Flutter (1.0.0)
  - integration_test (0.0.1):
    - Flutter
  - path_provider_foundation (0.0.1):
    - Flutter
    - FlutterMacOS
  - rust_lib_myceliumflut (0.0.1):
    - Flutter
  - tun_flutter (0.0.1):
    - Flutter

DEPENDENCIES:
  - Flutter (from `Flutter`)
  - integration_test (from `.symlinks/plugins/integration_test/ios`)
  - path_provider_foundation (from `.symlinks/plugins/path_provider_foundation/darwin`)
  - rust_lib_myceliumflut (from `.symlinks/plugins/rust_lib_myceliumflut/ios`)
  - tun_flutter (from `.symlinks/plugins/tun_flutter/ios`)

EXTERNAL SOURCES:
  Flutter:
    :path: Flutter
  integration_test:
    :path: ".symlinks/plugins/integration_test/ios"
  path_provider_foundation:
    :path: ".symlinks/plugins/path_provider_foundation/darwin"
  rust_lib_myceliumflut:
    :path: ".symlinks/plugins/rust_lib_myceliumflut/ios"
  tun_flutter:
    :path: ".symlinks/plugins/tun_flutter/ios"

SPEC CHECKSUMS:
  Flutter: e0871f40cf51350855a761d2e70bf5af5b9b5de7
  integration_test: 13825b8a9334a850581300559b8839134b124670
  path_provider_foundation: 3784922295ac71e43754bd15e0653ccfd36a147c
  rust_lib_myceliumflut: 4411327ae79f513321a4170826dbe5924b408fb3
  tun_flutter: 85de6ba980d954a1e249184a4c4d4abee1ce3ff4

PODFILE CHECKSUM: 7be2f5f74864d463a8ad433546ed1de7e0f29aef

COCOAPODS: 1.15.2
